// !$*UTF8*$!
{
	archiveVersion = 1;
	classes = {
	};
	objectVersion = 77;
	objects = {

/* Begin PBXContainerItemProxy section */
		5B2C5DAD2E232FA800F5C137 /* PBXContainerItemProxy */ = {
			isa = PBXContainerItemProxy;
			containerPortal = 5B2C5D922E232FA700F5C137 /* Project object */;
			proxyType = 1;
			remoteGlobalIDString = 5B2C5D992E232FA700F5C137;
			remoteInfo = EcoLink;
		};
		5B2C5DB72E232FA800F5C137 /* PBXContainerItemProxy */ = {
			isa = PBXContainerItemProxy;
			containerPortal = 5B2C5D922E232FA700F5C137 /* Project object */;
			proxyType = 1;
			remoteGlobalIDString = 5B2C5D992E232FA700F5C137;
			remoteInfo = EcoLink;
		};
/* End PBXContainerItemProxy section */

/* Begin PBXFileReference section */
		5B2C5D9A2E232FA700F5C137 /* EcoLink.app */ = {isa = PBXFileReference; explicitFileType = wrapper.application; includeInIndex = 0; path = EcoLink.app; sourceTree = BUILT_PRODUCTS_DIR; };
		5B2C5DAC2E232FA800F5C137 /* EcoLinkTests.xctest */ = {isa = PBXFileReference; explicitFileType = wrapper.cfbundle; includeInIndex = 0; path = EcoLinkTests.xctest; sourceTree = BUILT_PRODUCTS_DIR; };
		5B2C5DB62E232FA800F5C137 /* EcoLinkUITests.xctest */ = {isa = PBXFileReference; explicitFileType = wrapper.cfbundle; includeInIndex = 0; path = EcoLinkUITests.xctest; sourceTree = BUILT_PRODUCTS_DIR; };
/* End PBXFileReference section */

/* Begin PBXFileSystemSynchronizedRootGroup section */
		5B2C5D9C2E232FA700F5C137 /* EcoLink */ = {
			isa = PBXFileSystemSynchronizedRootGroup;
			path = EcoLink;
			sourceTree = "<group>";
		};
		5B2C5DAF2E232FA800F5C137 /* EcoLinkTests */ = {
			isa = PBXFileSystemSynchronizedRootGroup;
			path = EcoLinkTests;
			sourceTree = "<group>";
		};
		5B2C5DB92E232FA800F5C137 /* EcoLinkUITests */ = {
			isa = PBXFileSystemSynchronizedRootGroup;
			path = EcoLinkUITests;
			sourceTree = "<group>";
		};
/* End PBXFileSystemSynchronizedRootGroup section */

/* Begin PBXFrameworksBuildPhase section */
		5B2C5D972E232FA700F5C137 /* Frameworks */ = {
			isa = PBXFrameworksBuildPhase;
			buildActionMask = 2147483647;
			files = (
			);
			runOnlyForDeploymentPostprocessing = 0;
		};
		5B2C5DA92E232FA800F5C137 /* Frameworks */ = {
			isa = PBXFrameworksBuildPhase;
			buildActionMask = 2147483647;
			files = (
			);
			runOnlyForDeploymentPostprocessing = 0;
		};
		5B2C5DB32E232FA800F5C137 /* Frameworks */ = {
			isa = PBXFrameworksBuildPhase;
			buildActionMask = 2147483647;
			files = (
			);
			runOnlyForDeploymentPostprocessing = 0;
		};
/* End PBXFrameworksBuildPhase section */

/* Begin PBXGroup section */
		5B2C5D912E232FA700F5C137 = {
			isa = PBXGroup;
			children = (
				5B2C5D9C2E232FA700F5C137 /* EcoLink */,
				5B2C5DAF2E232FA800F5C137 /* EcoLinkTests */,
				5B2C5DB92E232FA800F5C137 /* EcoLinkUITests */,
				5B2C5D9B2E232FA700F5C137 /* Products */,
			);
			sourceTree = "<group>";
		};
		5B2C5D9B2E232FA700F5C137 /* Products */ = {
			isa = PBXGroup;
			children = (
				5B2C5D9A2E232FA700F5C137 /* EcoLink.app */,
				5B2C5DAC2E232FA800F5C137 /* EcoLinkTests.xctest */,
				5B2C5DB62E232FA800F5C137 /* EcoLinkUITests.xctest */,
			);
			name = Products;
			sourceTree = "<group>";
		};
/* End PBXGroup section */

/* Begin PBXNativeTarget section */
		5B2C5D992E232FA700F5C137 /* EcoLink */ = {
			isa = PBXNativeTarget;
			buildConfigurationList = 5B2C5DC02E232FA800F5C137 /* Build configuration list for PBXNativeTarget "EcoLink" */;
			buildPhases = (
				5B2C5D962E232FA700F5C137 /* Sources */,
				5B2C5D972E232FA700F5C137 /* Frameworks */,
				5B2C5D982E232FA700F5C137 /* Resources */,
			);
			buildRules = (
			);
			dependencies = (
			);
			fileSystemSynchronizedGroups = (
				5B2C5D9C2E232FA700F5C137 /* EcoLink */,
			);
			name = EcoLink;
			packageProductDependencies = (
			);
			productName = EcoLink;
			productReference = 5B2C5D9A2E232FA700F5C137 /* EcoLink.app */;
			productType = "com.apple.product-type.application";
		};
		5B2C5DAB2E232FA800F5C137 /* EcoLinkTests */ = {
			isa = PBXNativeTarget;
			buildConfigurationList = 5B2C5DC32E232FA800F5C137 /* Build configuration list for PBXNativeTarget "EcoLinkTests" */;
			buildPhases = (
				5B2C5DA82E232FA800F5C137 /* Sources */,
				5B2C5DA92E232FA800F5C137 /* Frameworks */,
				5B2C5DAA2E232FA800F5C137 /* Resources */,
			);
			buildRules = (
			);
			dependencies = (
				5B2C5DAE2E232FA800F5C137 /* PBXTargetDependency */,
			);
			fileSystemSynchronizedGroups = (
				5B2C5DAF2E232FA800F5C137 /* EcoLinkTests */,
			);
			name = EcoLinkTests;
			packageProductDependencies = (
			);
			productName = EcoLinkTests;
			productReference = 5B2C5DAC2E232FA800F5C137 /* EcoLinkTests.xctest */;
			productType = "com.apple.product-type.bundle.unit-test";
		};
		5B2C5DB52E232FA800F5C137 /* EcoLinkUITests */ = {
			isa = PBXNativeTarget;
			buildConfigurationList = 5B2C5DC62E232FA800F5C137 /* Build configuration list for PBXNativeTarget "EcoLinkUITests" */;
			buildPhases = (
				5B2C5DB22E232FA800F5C137 /* Sources */,
				5B2C5DB32E232FA800F5C137 /* Frameworks */,
				5B2C5DB42E232FA800F5C137 /* Resources */,
			);
			buildRules = (
			);
			dependencies = (
				5B2C5DB82E232FA800F5C137 /* PBXTargetDependency */,
			);
			fileSystemSynchronizedGroups = (
				5B2C5DB92E232FA800F5C137 /* EcoLinkUITests */,
			);
			name = EcoLinkUITests;
			packageProductDependencies = (
			);
			productName = EcoLinkUITests;
			productReference = 5B2C5DB62E232FA800F5C137 /* EcoLinkUITests.xctest */;
			productType = "com.apple.product-type.bundle.ui-testing";
		};
/* End PBXNativeTarget section */

/* Begin PBXProject section */
		5B2C5D922E232FA700F5C137 /* Project object */ = {
			isa = PBXProject;
			attributes = {
				BuildIndependentTargetsInParallel = 1;
				LastSwiftUpdateCheck = 1640;
				LastUpgradeCheck = 1640;
				TargetAttributes = {
					5B2C5D992E232FA700F5C137 = {
						CreatedOnToolsVersion = 16.4;
					};
					5B2C5DAB2E232FA800F5C137 = {
						CreatedOnToolsVersion = 16.4;
						TestTargetID = 5B2C5D992E232FA700F5C137;
					};
					5B2C5DB52E232FA800F5C137 = {
						CreatedOnToolsVersion = 16.4;
						TestTargetID = 5B2C5D992E232FA700F5C137;
					};
				};
			};
			buildConfigurationList = 5B2C5D952E232FA700F5C137 /* Build configuration list for PBXProject "EcoLink" */;
			developmentRegion = en;
			hasScannedForEncodings = 0;
			knownRegions = (
				en,
				Base,
			);
			mainGroup = 5B2C5D912E232FA700F5C137;
			minimizedProjectReferenceProxies = 1;
			preferredProjectObjectVersion = 77;
			productRefGroup = 5B2C5D9B2E232FA700F5C137 /* Products */;
			projectDirPath = "";
			projectRoot = "";
			targets = (
				5B2C5D992E232FA700F5C137 /* EcoLink */,
				5B2C5DAB2E232FA800F5C137 /* EcoLinkTests */,
				5B2C5DB52E232FA800F5C137 /* EcoLinkUITests */,
			);
		};
/* End PBXProject section */

/* Begin PBXResourcesBuildPhase section */
		5B2C5D982E232FA700F5C137 /* Resources */ = {
			isa = PBXResourcesBuildPhase;
			buildActionMask = 2147483647;
			files = (
			);
			runOnlyForDeploymentPostprocessing = 0;
		};
		5B2C5DAA2E232FA800F5C137 /* Resources */ = {
			isa = PBXResourcesBuildPhase;
			buildActionMask = 2147483647;
			files = (
			);
			runOnlyForDeploymentPostprocessing = 0;
		};
		5B2C5DB42E232FA800F5C137 /* Resources */ = {
			isa = PBXResourcesBuildPhase;
			buildActionMask = 2147483647;
			files = (
			);
			runOnlyForDeploymentPostprocessing = 0;
		};
/* End PBXResourcesBuildPhase section */

/* Begin PBXSourcesBuildPhase section */
		5B2C5D962E232FA700F5C137 /* Sources */ = {
			isa = PBXSourcesBuildPhase;
			buildActionMask = 2147483647;
			files = (
			);
			runOnlyForDeploymentPostprocessing = 0;
		};
		5B2C5DA82E232FA800F5C137 /* Sources */ = {
			isa = PBXSourcesBuildPhase;
			buildActionMask = 2147483647;
			files = (
			);
			runOnlyForDeploymentPostprocessing = 0;
		};
		5B2C5DB22E232FA800F5C137 /* Sources */ = {
			isa = PBXSourcesBuildPhase;
			buildActionMask = 2147483647;
			files = (
			);
			runOnlyForDeploymentPostprocessing = 0;
		};
/* End PBXSourcesBuildPhase section */

/* Begin PBXTargetDependency section */
		5B2C5DAE2E232FA800F5C137 /* PBXTargetDependency */ = {
			isa = PBXTargetDependency;
			target = 5B2C5D992E232FA700F5C137 /* EcoLink */;
			targetProxy = 5B2C5DAD2E232FA800F5C137 /* PBXContainerItemProxy */;
		};
		5B2C5DB82E232FA800F5C137 /* PBXTargetDependency */ = {
			isa = PBXTargetDependency;
			target = 5B2C5D992E232FA700F5C137 /* EcoLink */;
			targetProxy = 5B2C5DB72E232FA800F5C137 /* PBXContainerItemProxy */;
		};
/* End PBXTargetDependency section */

/* Begin XCBuildConfiguration section */
		5B2C5DBE2E232FA800F5C137 /* Debug */ = {
			isa = XCBuildConfiguration;
			buildSettings = {
				ALWAYS_SEARCH_USER_PATHS = NO;
				ASSETCATALOG_COMPILER_GENERATE_SWIFT_ASSET_SYMBOL_EXTENSIONS = YES;
				CLANG_ANALYZER_NONNULL = YES;
				CLANG_ANALYZER_NUMBER_OBJECT_CONVERSION = YES_AGGRESSIVE;
				CLANG_CXX_LANGUAGE_STANDARD = "gnu++20";
				CLANG_ENABLE_MODULES = YES;
				CLANG_ENABLE_OBJC_ARC = YES;
				CLANG_ENABLE_OBJC_WEAK = YES;
				CLANG_WARN_BLOCK_CAPTURE_AUTORELEASING = YES;
				CLANG_WARN_BOOL_CONVERSION = YES;
				CLANG_WARN_COMMA = YES;
				CLANG_WARN_CONSTANT_CONVERSION = YES;
				CLANG_WARN_DEPRECATED_OBJC_IMPLEMENTATIONS = YES;
				CLANG_WARN_DIRECT_OBJC_ISA_USAGE = YES_ERROR;
				CLANG_WARN_DOCUMENTATION_COMMENTS = YES;
				CLANG_WARN_EMPTY_BODY = YES;
				CLANG_WARN_ENUM_CONVERSION = YES;
				CLANG_WARN_INFINITE_RECURSION = YES;
				CLANG_WARN_INT_CONVERSION = YES;
				CLANG_WARN_NON_LITERAL_NULL_CONVERSION = YES;
				CLANG_WARN_OBJC_IMPLICIT_RETAIN_SELF = YES;
				CLANG_WARN_OBJC_LITERAL_CONVERSION = YES;
				CLANG_WARN_OBJC_ROOT_CLASS = YES_ERROR;
				CLANG_WARN_QUOTED_INCLUDE_IN_FRAMEWORK_HEADER = YES;
				CLANG_WARN_RANGE_LOOP_ANALYSIS = YES;
				CLANG_WARN_STRICT_PROTOTYPES = YES;
				CLANG_WARN_SUSPICIOUS_MOVE = YES;
				CLANG_WARN_UNGUARDED_AVAILABILITY = YES_AGGRESSIVE;
				CLANG_WARN_UNREACHABLE_CODE = YES;
				CLANG_WARN__DUPLICATE_METHOD_MATCH = YES;
				COPY_PHASE_STRIP = NO;
				DEBUG_INFORMATION_FORMAT = dwarf;
				ENABLE_STRICT_OBJC_MSGSEND = YES;
				ENABLE_TESTABILITY = YES;
				ENABLE_USER_SCRIPT_SANDBOXING = YES;
				GCC_C_LANGUAGE_STANDARD = gnu17;
				GCC_DYNAMIC_NO_PIC = NO;
				GCC_NO_COMMON_BLOCKS = YES;
				GCC_OPTIMIZATION_LEVEL = 0;
				GCC_PREPROCESSOR_DEFINITIONS = (
					"DEBUG=1",
					"$(inherited)",
				);
				GCC_WARN_64_TO_32_BIT_CONVERSION = YES;
				GCC_WARN_ABOUT_RETURN_TYPE = YES_ERROR;
				GCC_WARN_UNDECLARED_SELECTOR = YES;
				GCC_WARN_UNINITIALIZED_AUTOS = YES_AGGRESSIVE;
				GCC_WARN_UNUSED_FUNCTION = YES;
				GCC_WARN_UNUSED_VARIABLE = YES;
				IPHONEOS_DEPLOYMENT_TARGET = 18.5;
				LOCALIZATION_PREFERS_STRING_CATALOGS = YES;
				MTL_ENABLE_DEBUG_INFO = INCLUDE_SOURCE;
				MTL_FAST_MATH = YES;
				ONLY_ACTIVE_ARCH = YES;
				SDKROOT = iphoneos;
				SWIFT_ACTIVE_COMPILATION_CONDITIONS = "DEBUG $(inherited)";
				SWIFT_OPTIMIZATION_LEVEL = "-Onone";
			};
			name = Debug;
		};
		5B2C5DBF2E232FA800F5C137 /* Release */ = {
			isa = XCBuildConfiguration;
			buildSettings = {
				ALWAYS_SEARCH_USER_PATHS = NO;
				ASSETCATALOG_COMPILER_GENERATE_SWIFT_ASSET_SYMBOL_EXTENSIONS = YES;
				CLANG_ANALYZER_NONNULL = YES;
				CLANG_ANALYZER_NUMBER_OBJECT_CONVERSION = YES_AGGRESSIVE;
				CLANG_CXX_LANGUAGE_STANDARD = "gnu++20";
				CLANG_ENABLE_MODULES = YES;
				CLANG_ENABLE_OBJC_ARC = YES;
				CLANG_ENABLE_OBJC_WEAK = YES;
				CLANG_WARN_BLOCK_CAPTURE_AUTORELEASING = YES;
				CLANG_WARN_BOOL_CONVERSION = YES;
				CLANG_WARN_COMMA = YES;
				CLANG_WARN_CONSTANT_CONVERSION = YES;
				CLANG_WARN_DEPRECATED_OBJC_IMPLEMENTATIONS = YES;
				CLANG_WARN_DIRECT_OBJC_ISA_USAGE = YES_ERROR;
				CLANG_WARN_DOCUMENTATION_COMMENTS = YES;
				CLANG_WARN_EMPTY_BODY = YES;
				CLANG_WARN_ENUM_CONVERSION = YES;
				CLANG_WARN_INFINITE_RECURSION = YES;
				CLANG_WARN_INT_CONVERSION = YES;
				CLANG_WARN_NON_LITERAL_NULL_CONVERSION = YES;
				CLANG_WARN_OBJC_IMPLICIT_RETAIN_SELF = YES;
				CLANG_WARN_OBJC_LITERAL_CONVERSION = YES;
				CLANG_WARN_OBJC_ROOT_CLASS = YES_ERROR;
				CLANG_WARN_QUOTED_INCLUDE_IN_FRAMEWORK_HEADER = YES;
				CLANG_WARN_RANGE_LOOP_ANALYSIS = YES;
				CLANG_WARN_STRICT_PROTOTYPES = YES;
				CLANG_WARN_SUSPICIOUS_MOVE = YES;
				CLANG_WARN_UNGUARDED_AVAILABILITY = YES_AGGRESSIVE;
				CLANG_WARN_UNREACHABLE_CODE = YES;
				CLANG_WARN__DUPLICATE_METHOD_MATCH = YES;
				COPY_PHASE_STRIP = NO;
				DEBUG_INFORMATION_FORMAT = "dwarf-with-dsym";
				ENABLE_NS_ASSERTIONS = NO;
				ENABLE_STRICT_OBJC_MSGSEND = YES;
				ENABLE_USER_SCRIPT_SANDBOXING = YES;
				GCC_C_LANGUAGE_STANDARD = gnu17;
				GCC_NO_COMMON_BLOCKS = YES;
				GCC_WARN_64_TO_32_BIT_CONVERSION = YES;
				GCC_WARN_ABOUT_RETURN_TYPE = YES_ERROR;
				GCC_WARN_UNDECLARED_SELECTOR = YES;
				GCC_WARN_UNINITIALIZED_AUTOS = YES_AGGRESSIVE;
				GCC_WARN_UNUSED_FUNCTION = YES;
				GCC_WARN_UNUSED_VARIABLE = YES;
				IPHONEOS_DEPLOYMENT_TARGET = 18.5;
				LOCALIZATION_PREFERS_STRING_CATALOGS = YES;
				MTL_ENABLE_DEBUG_INFO = NO;
				MTL_FAST_MATH = YES;
				SDKROOT = iphoneos;
				SWIFT_COMPILATION_MODE = wholemodule;
				VALIDATE_PRODUCT = YES;
			};
			name = Release;
		};
		5B2C5DC12E232FA800F5C137 /* Debug */ = {
			isa = XCBuildConfiguration;
			buildSettings = {
				ASSETCATALOG_COMPILER_APPICON_NAME = AppIcon;
				ASSETCATALOG_COMPILER_GLOBAL_ACCENT_COLOR_NAME = AccentColor;
				CODE_SIGN_STYLE = Automatic;
				CURRENT_PROJECT_VERSION = 1;
				ENABLE_PREVIEWS = YES;
				GENERATE_INFOPLIST_FILE = YES;
				INFOPLIST_KEY_UIApplicationSceneManifest_Generation = YES;
				INFOPLIST_KEY_UIApplicationSupportsIndirectInputEvents = YES;
				INFOPLIST_KEY_UILaunchScreen_Generation = YES;
				INFOPLIST_KEY_UISupportedInterfaceOrientations_iPad = "UIInterfaceOrientationPortrait UIInterfaceOrientationPortraitUpsideDown UIInterfaceOrientationLandscapeLeft UIInterfaceOrientationLandscapeRight";
				INFOPLIST_KEY_UISupportedInterfaceOrientations_iPhone = "UIInterfaceOrientationPortrait UIInterfaceOrientationLandscapeLeft UIInterfaceOrientationLandscapeRight";
				LD_RUNPATH_SEARCH_PATHS = (
					"$(inherited)",
					"@executable_path/Frameworks",
				);
				MARKETING_VERSION = 1.0;
				PRODUCT_BUNDLE_IDENTIFIER = shashwath.EcoLink;
				PRODUCT_NAME = "$(TARGET_NAME)";
				SWIFT_EMIT_LOC_STRINGS = YES;
				SWIFT_VERSION = 5.0;
				TARGETED_DEVICE_FAMILY = "1,2";
			};
			name = Debug;
		};
		5B2C5DC22E232FA800F5C137 /* Release */ = {
			isa = XCBuildConfiguration;
			buildSettings = {
				ASSETCATALOG_COMPILER_APPICON_NAME = AppIcon;
				ASSETCATALOG_COMPILER_GLOBAL_ACCENT_COLOR_NAME = AccentColor;
				CODE_SIGN_STYLE = Automatic;
				CURRENT_PROJECT_VERSION = 1;
				ENABLE_PREVIEWS = YES;
				GENERATE_INFOPLIST_FILE = YES;
				INFOPLIST_KEY_UIApplicationSceneManifest_Generation = YES;
				INFOPLIST_KEY_UIApplicationSupportsIndirectInputEvents = YES;
				INFOPLIST_KEY_UILaunchScreen_Generation = YES;
				INFOPLIST_KEY_UISupportedInterfaceOrientations_iPad = "UIInterfaceOrientationPortrait UIInterfaceOrientationPortraitUpsideDown UIInterfaceOrientationLandscapeLeft UIInterfaceOrientationLandscapeRight";
				INFOPLIST_KEY_UISupportedInterfaceOrientations_iPhone = "UIInterfaceOrientationPortrait UIInterfaceOrientationLandscapeLeft UIInterfaceOrientationLandscapeRight";
				LD_RUNPATH_SEARCH_PATHS = (
					"$(inherited)",
					"@executable_path/Frameworks",
				);
				MARKETING_VERSION = 1.0;
				PRODUCT_BUNDLE_IDENTIFIER = shashwath.EcoLink;
				PRODUCT_NAME = "$(TARGET_NAME)";
				SWIFT_EMIT_LOC_STRINGS = YES;
				SWIFT_VERSION = 5.0;
				TARGETED_DEVICE_FAMILY = "1,2";
			};
			name = Release;
		};
		5B2C5DC42E232FA800F5C137 /* Debug */ = {
			isa = XCBuildConfiguration;
			buildSettings = {
				BUNDLE_LOADER = "$(TEST_HOST)";
				CODE_SIGN_STYLE = Automatic;
				CURRENT_PROJECT_VERSION = 1;
				GENERATE_INFOPLIST_FILE = YES;
				IPHONEOS_DEPLOYMENT_TARGET = 18.5;
				MARKETING_VERSION = 1.0;
				PRODUCT_BUNDLE_IDENTIFIER = shashwath.EcoLinkTests;
				PRODUCT_NAME = "$(TARGET_NAME)";
				SWIFT_EMIT_LOC_STRINGS = NO;
				SWIFT_VERSION = 5.0;
				TARGETED_DEVICE_FAMILY = "1,2";
				TEST_HOST = "$(BUILT_PRODUCTS_DIR)/EcoLink.app/$(BUNDLE_EXECUTABLE_FOLDER_PATH)/EcoLink";
			};
			name = Debug;
		};
		5B2C5DC52E232FA800F5C137 /* Release */ = {
			isa = XCBuildConfiguration;
			buildSettings = {
				BUNDLE_LOADER = "$(TEST_HOST)";
				CODE_SIGN_STYLE = Automatic;
				CURRENT_PROJECT_VERSION = 1;
				GENERATE_INFOPLIST_FILE = YES;
				IPHONEOS_DEPLOYMENT_TARGET = 18.5;
				MARKETING_VERSION = 1.0;
				PRODUCT_BUNDLE_IDENTIFIER = shashwath.EcoLinkTests;
				PRODUCT_NAME = "$(TARGET_NAME)";
				SWIFT_EMIT_LOC_STRINGS = NO;
				SWIFT_VERSION = 5.0;
				TARGETED_DEVICE_FAMILY = "1,2";
				TEST_HOST = "$(BUILT_PRODUCTS_DIR)/EcoLink.app/$(BUNDLE_EXECUTABLE_FOLDER_PATH)/EcoLink";
			};
			name = Release;
		};
		5B2C5DC72E232FA800F5C137 /* Debug */ = {
			isa = XCBuildConfiguration;
			buildSettings = {
				CODE_SIGN_STYLE = Automatic;
				CURRENT_PROJECT_VERSION = 1;
				GENERATE_INFOPLIST_FILE = YES;
				MARKETING_VERSION = 1.0;
				PRODUCT_BUNDLE_IDENTIFIER = shashwath.EcoLinkUITests;
				PRODUCT_NAME = "$(TARGET_NAME)";
				SWIFT_EMIT_LOC_STRINGS = NO;
				SWIFT_VERSION = 5.0;
				TARGETED_DEVICE_FAMILY = "1,2";
				TEST_TARGET_NAME = EcoLink;
			};
			name = Debug;
		};
		5B2C5DC82E232FA800F5C137 /* Release */ = {
			isa = XCBuildConfiguration;
			buildSettings = {
				CODE_SIGN_STYLE = Automatic;
				CURRENT_PROJECT_VERSION = 1;
				GENERATE_INFOPLIST_FILE = YES;
				MARKETING_VERSION = 1.0;
				PRODUCT_BUNDLE_IDENTIFIER = shashwath.EcoLinkUITests;
				PRODUCT_NAME = "$(TARGET_NAME)";
				SWIFT_EMIT_LOC_STRINGS = NO;
				SWIFT_VERSION = 5.0;
				TARGETED_DEVICE_FAMILY = "1,2";
				TEST_TARGET_NAME = EcoLink;
			};
			name = Release;
		};
/* End XCBuildConfiguration section */

/* Begin XCConfigurationList section */
		5B2C5D952E232FA700F5C137 /* Build configuration list for PBXProject "EcoLink" */ = {
			isa = XCConfigurationList;
			buildConfigurations = (
				5B2C5DBE2E232FA800F5C137 /* Debug */,
				5B2C5DBF2E232FA800F5C137 /* Release */,
			);
			defaultConfigurationIsVisible = 0;
			defaultConfigurationName = Release;
		};
		5B2C5DC02E232FA800F5C137 /* Build configuration list for PBXNativeTarget "EcoLink" */ = {
			isa = XCConfigurationList;
			buildConfigurations = (
				5B2C5DC12E232FA800F5C137 /* Debug */,
				5B2C5DC22E232FA800F5C137 /* Release */,
			);
			defaultConfigurationIsVisible = 0;
			defaultConfigurationName = Release;
		};
		5B2C5DC32E232FA800F5C137 /* Build configuration list for PBXNativeTarget "EcoLinkTests" */ = {
			isa = XCConfigurationList;
			buildConfigurations = (
				5B2C5DC42E232FA800F5C137 /* Debug */,
				5B2C5DC52E232FA800F5C137 /* Release */,
			);
			defaultConfigurationIsVisible = 0;
			defaultConfigurationName = Release;
		};
		5B2C5DC62E232FA800F5C137 /* Build configuration list for PBXNativeTarget "EcoLinkUITests" */ = {
			isa = XCConfigurationList;
			buildConfigurations = (
				5B2C5DC72E232FA800F5C137 /* Debug */,
				5B2C5DC82E232FA800F5C137 /* Release */,
			);
			defaultConfigurationIsVisible = 0;
			defaultConfigurationName = Release;
		};
/* End XCConfigurationList section */
	};
	rootObject = 5B2C5D922E232FA700F5C137 /* Project object */;
}
